
Microsoft Visual Studio Solution File, Format Version 12.00
# Visual Studio Version 16
VisualStudioVersion = 16.0.31205.134
MinimumVisualStudioVersion = 10.0.40219.1
Project("{FAE04EC0-301F-11D3-BF4B-00C04F79EFBC}") = "DependencyChecker", "DependencyChecker.csproj", "{F4CE6F71-FD41-4DF2-893B-BBC1A7B61D5A}"
EndProject
Global
	GlobalSection(SolutionConfigurationPlatforms) = preSolution
		Debug|Any CPU = Debug|Any CPU
		Release|Any CPU = Release|Any CPU
	EndGlobalSection
	GlobalSection(ProjectConfigurationPlatforms) = postSolution
		{F4CE6F71-FD41-4DF2-893B-BBC1A7B61D5A}.Debug|Any CPU.ActiveCfg = Debug|Any CPU
		{F4CE6F71-FD41-4DF2-893B-BBC1A7B61D5A}.Debug|Any CPU.Build.0 = Debug|Any CPU
		{F4CE6F71-FD41-4DF2-893B-BBC1A7B61D5A}.Release|Any CPU.ActiveCfg = Release|Any CPU
		{F4CE6F71-FD41-4DF2-893B-BBC1A7B61D5A}.Release|Any CPU.Build.0 = Release|Any CPU
	EndGlobalSection
	GlobalSection(SolutionProperties) = preSolution
		HideSolutionNode = FALSE
	EndGlobalSection
	GlobalSection(ExtensibilityGlobals) = postSolution
		SolutionGuid = {FFBBD976-F62C-4EFA-A9C7-9EE3D333792E}
	EndGlobalSection
EndGlobal
